
Microsoft Visual Studio Solution File, Format Version 12.00
# Visual Studio 2013
VisualStudioVersion = 12.0.30501.0
MinimumVisualStudioVersion = 10.0.40219.1
Project("{E24C65DC-7377-472B-9ABA-BC803B73C61A}") = "asp_for_work", "http://localhost:49769", "{8FEDD161-F1A9-48ED-82BF-65D5D691C9F9}"
	ProjectSection(WebsiteProperties) = preProject
		UseIISExpress = "true"
		TargetFrameworkMoniker = ".NETFramework,Version%3Dv4.5"
		ProjectReferences = "{f1a1486d-73ff-4184-83bb-de7c02122c09}|WcfServiceLibrary1.dll;"
		Debug.AspNetCompiler.VirtualPath = "/localhost_49769"
		Debug.AspNetCompiler.PhysicalPath = "..\asp_for_work\"
		Debug.AspNetCompiler.TargetPath = "PrecompiledWeb\localhost_49769\"
		Debug.AspNetCompiler.Updateable = "true"
		Debug.AspNetCompiler.ForceOverwrite = "true"
		Debug.AspNetCompiler.FixedNames = "false"
		Debug.AspNetCompiler.Debug = "True"
		Release.AspNetCompiler.VirtualPath = "/localhost_49769"
		Release.AspNetCompiler.PhysicalPath = "..\asp_for_work\"
		Release.AspNetCompiler.TargetPath = "PrecompiledWeb\localhost_49769\"
		Release.AspNetCompiler.Updateable = "true"
		Release.AspNetCompiler.ForceOverwrite = "true"
		Release.AspNetCompiler.FixedNames = "false"
		Release.AspNetCompiler.Debug = "False"
		SlnRelativePath = "..\asp_for_work\"
	EndProjectSection
EndProject
Project("{FAE04EC0-301F-11D3-BF4B-00C04F79EFBC}") = "WcfServiceLibrary1", "WcfServiceLibrary1\WcfServiceLibrary1.csproj", "{F1A1486D-73FF-4184-83BB-DE7C02122C09}"
EndProject
Global
	GlobalSection(SolutionConfigurationPlatforms) = preSolution
		Debug|Any CPU = Debug|Any CPU
		Release|Any CPU = Release|Any CPU
	EndGlobalSection
	GlobalSection(ProjectConfigurationPlatforms) = postSolution
		{8FEDD161-F1A9-48ED-82BF-65D5D691C9F9}.Debug|Any CPU.ActiveCfg = Debug|Any CPU
		{8FEDD161-F1A9-48ED-82BF-65D5D691C9F9}.Debug|Any CPU.Build.0 = Debug|Any CPU
		{8FEDD161-F1A9-48ED-82BF-65D5D691C9F9}.Release|Any CPU.ActiveCfg = Debug|Any CPU
		{8FEDD161-F1A9-48ED-82BF-65D5D691C9F9}.Release|Any CPU.Build.0 = Debug|Any CPU
		{F1A1486D-73FF-4184-83BB-DE7C02122C09}.Debug|Any CPU.ActiveCfg = Debug|Any CPU
		{F1A1486D-73FF-4184-83BB-DE7C02122C09}.Debug|Any CPU.Build.0 = Debug|Any CPU
		{F1A1486D-73FF-4184-83BB-DE7C02122C09}.Release|Any CPU.ActiveCfg = Release|Any CPU
		{F1A1486D-73FF-4184-83BB-DE7C02122C09}.Release|Any CPU.Build.0 = Release|Any CPU
	EndGlobalSection
	GlobalSection(SolutionProperties) = preSolution
		HideSolutionNode = FALSE
	EndGlobalSection
EndGlobal
